
Microsoft Visual Studio Solution File, Format Version 12.00
# Visual Studio 15
VisualStudioVersion = 15.0.28307.572
MinimumVisualStudioVersion = 10.0.40219.1
Project("{FAE04EC0-301F-11D3-BF4B-00C04F79EFBC}") = "APIDOGUAX", "APIDOGUAX\APIDOGUAX.csproj", "{A3AAC3FE-0170-4A8F-8863-A2701A90DD4F}"
EndProject
Project("{2150E333-8FDC-42A3-9474-1A3956D46DE8}") = "Application", "Application", "{735D193F-9AA2-4841-83FD-26F435AB5161}"
EndProject
Project("{2150E333-8FDC-42A3-9474-1A3956D46DE8}") = "Core", "Core", "{64FDBB39-6FB6-47A0-B8C9-70D2FFC4E59D}"
EndProject
Project("{FAE04EC0-301F-11D3-BF4B-00C04F79EFBC}") = "WebApiGuaxCore", "WebApiGuaxCore\WebApiGuaxCore.csproj", "{7E4D30DE-1160-4556-8A63-BEA2547F4B47}"
EndProject
Project("{2150E333-8FDC-42A3-9474-1A3956D46DE8}") = "Provider", "Provider", "{8A13C5FA-E5C1-421E-ACBC-8A9FEA600B98}"
EndProject
Project("{FAE04EC0-301F-11D3-BF4B-00C04F79EFBC}") = "MySqlProvider", "MySqlProvider\MySqlProvider.csproj", "{7962DA0F-902E-4061-8390-ACDC68D15517}"
EndProject
Global
	GlobalSection(SolutionConfigurationPlatforms) = preSolution
		Debug|Any CPU = Debug|Any CPU
		Release|Any CPU = Release|Any CPU
	EndGlobalSection
	GlobalSection(ProjectConfigurationPlatforms) = postSolution
		{A3AAC3FE-0170-4A8F-8863-A2701A90DD4F}.Debug|Any CPU.ActiveCfg = Debug|Any CPU
		{A3AAC3FE-0170-4A8F-8863-A2701A90DD4F}.Debug|Any CPU.Build.0 = Debug|Any CPU
		{A3AAC3FE-0170-4A8F-8863-A2701A90DD4F}.Release|Any CPU.ActiveCfg = Release|Any CPU
		{A3AAC3FE-0170-4A8F-8863-A2701A90DD4F}.Release|Any CPU.Build.0 = Release|Any CPU
		{7E4D30DE-1160-4556-8A63-BEA2547F4B47}.Debug|Any CPU.ActiveCfg = Debug|Any CPU
		{7E4D30DE-1160-4556-8A63-BEA2547F4B47}.Debug|Any CPU.Build.0 = Debug|Any CPU
		{7E4D30DE-1160-4556-8A63-BEA2547F4B47}.Release|Any CPU.ActiveCfg = Release|Any CPU
		{7E4D30DE-1160-4556-8A63-BEA2547F4B47}.Release|Any CPU.Build.0 = Release|Any CPU
		{7962DA0F-902E-4061-8390-ACDC68D15517}.Debug|Any CPU.ActiveCfg = Debug|Any CPU
		{7962DA0F-902E-4061-8390-ACDC68D15517}.Debug|Any CPU.Build.0 = Debug|Any CPU
		{7962DA0F-902E-4061-8390-ACDC68D15517}.Release|Any CPU.ActiveCfg = Release|Any CPU
		{7962DA0F-902E-4061-8390-ACDC68D15517}.Release|Any CPU.Build.0 = Release|Any CPU
	EndGlobalSection
	GlobalSection(SolutionProperties) = preSolution
		HideSolutionNode = FALSE
	EndGlobalSection
	GlobalSection(NestedProjects) = preSolution
		{A3AAC3FE-0170-4A8F-8863-A2701A90DD4F} = {735D193F-9AA2-4841-83FD-26F435AB5161}
		{7E4D30DE-1160-4556-8A63-BEA2547F4B47} = {64FDBB39-6FB6-47A0-B8C9-70D2FFC4E59D}
		{7962DA0F-902E-4061-8390-ACDC68D15517} = {8A13C5FA-E5C1-421E-ACBC-8A9FEA600B98}
	EndGlobalSection
	GlobalSection(ExtensibilityGlobals) = postSolution
		SolutionGuid = {8C2E16D9-A4E0-4501-A44C-4BB1488D1D41}
	EndGlobalSection
EndGlobal
